{
  "name": "letsfitapp",
  "lockfileVersion": 3,
  "requires": true,
  "packages": {
    "": {
      "dependencies": {
        "ag-charts-react": "^12.1.2"
      }
    },
    "node_modules/ag-charts-community": {
      "version": "12.1.2",
      "resolved": "https://registry.npmjs.org/ag-charts-community/-/ag-charts-community-12.1.2.tgz",
      "integrity": "sha512-Z3oSsbIyAqaiB4PdnMQ2gt3s+oY19xTHJUee5TKjsTThX8wVX8PXRGMOZaFWbN/HNaZCWkUTgkuLrasw2w+x/w==",
      "license": "MIT",
      "dependencies": {
        "ag-charts-core": "12.1.2",
        "ag-charts-locale": "12.1.2",
        "ag-charts-types": "12.1.2"
      }
    },
    "node_modules/ag-charts-core": {
      "version": "12.1.2",
      "resolved": "https://registry.npmjs.org/ag-charts-core/-/ag-charts-core-12.1.2.tgz",
      "integrity": "sha512-9AfMX+HSpr4zmp88PBWcOqO9jW1HTKxC+b/7B/xYOE6K1hBFvnuLbqdeNGfGoiyWqw5TUlY1lirr/9xrFyZFsQ==",
      "license": "MIT",
      "dependencies": {
        "ag-charts-types": "12.1.2"
      }
    },
    "node_modules/ag-charts-locale": {
      "version": "12.1.2",
      "resolved": "https://registry.npmjs.org/ag-charts-locale/-/ag-charts-locale-12.1.2.tgz",
      "integrity": "sha512-GFAq4KZit3CHT3Br/LGruas75HqsvV+VZV6qz5hLrmiovJSSVfzPirzf/hUGDTCHqIOS7CdxmpdKUu8pKv1LGw==",
      "license": "MIT"
    },
    "node_modules/ag-charts-react": {
      "version": "12.1.2",
      "resolved": "https://registry.npmjs.org/ag-charts-react/-/ag-charts-react-12.1.2.tgz",
      "integrity": "sha512-ungoxsE/sLaJ+bYWK2/cXts83jNRMogvTHysjvoxxFcU7vLat6FM01f4+NCE8szDSg+d6em2xI5NAcOROapBUg==",
      "license": "MIT",
      "dependencies": {
        "ag-charts-community": "12.1.2"
      },
      "peerDependencies": {
        "react": "^18.0.0 || ^19.0.0"
      }
    },
    "node_modules/ag-charts-types": {
      "version": "12.1.2",
      "resolved": "https://registry.npmjs.org/ag-charts-types/-/ag-charts-types-12.1.2.tgz",
      "integrity": "sha512-B5IEMzaDxpJRko9sREIBEZOn44tlMX353tMJ1RGYHZrjDFx4on/p6q3YxBvway3nViAM2POmFOS45+1fF9YC8g==",
      "license": "MIT"
    },
    "node_modules/react": {
      "version": "19.1.1",
      "resolved": "https://registry.npmjs.org/react/-/react-19.1.1.tgz",
      "integrity": "sha512-w8nqGImo45dmMIfljjMwOGtbmC/mk4CMYhWIicdSflH91J9TyCyczcPFXJzrZ/ZXcgGRFeP6BU0BEJTw6tZdfQ==",
      "license": "MIT",
      "peer": true,
      "engines": {
        "node": ">=0.10.0"
      }
    }
  }
}
